{
  "name": "dirty-monorepo",
  "version": "1.0.0",
  "lockfileVersion": 3,
  "requires": true,
  "packages": {
    "": {
      "name": "dirty-monorepo",
      "version": "1.0.0",
      "license": "MIT",
      "workspaces": [
        "packages/*"
      ],
      "dependencies": {
        "chalk": "^4.1.2",
        "some-gpl-lib": "^1.0.0",
        "dual-license-pkg": "^2.0.0",
        "no-license-pkg": "^3.0.0"
      }
    },
    "node_modules/chalk": {
      "version": "4.1.2",
      "license": "MIT",
      "dependencies": {
        "ansi-styles": "^4.1.0"
      }
    },
    "node_modules/ansi-styles": {
      "version": "4.3.0",
      "license": "MIT"
    },
    "node_modules/some-gpl-lib": {
      "version": "1.0.0",
      "license": "GPL-3.0"
    },
    "node_modules/dual-license-pkg": {
      "version": "2.0.0",
      "license": "(MIT OR Apache-2.0)"
    },
    "node_modules/no-license-pkg": {
      "version": "3.0.0"
    },
    "node_modules/@dirty/public-pkg": {
      "link": "packages/public-pkg"
    },
    "node_modules/@dirty/private-pkg": {
      "link": "packages/private-pkg"
    }
  }
}
