{
  "name": "clean-monorepo",
  "version": "1.0.0",
  "lockfileVersion": 3,
  "requires": true,
  "packages": {
    "": {
      "name": "clean-monorepo",
      "version": "1.0.0",
      "license": "MIT",
      "workspaces": [
        "packages/*"
      ],
      "dependencies": {
        "chalk": "^4.1.2",
        "commander": "^12.0.0"
      }
    },
    "node_modules/chalk": {
      "version": "4.1.2",
      "license": "MIT",
      "dependencies": {
        "ansi-styles": "^4.1.0"
      }
    },
    "node_modules/ansi-styles": {
      "version": "4.3.0",
      "license": "MIT"
    },
    "node_modules/commander": {
      "version": "12.0.0",
      "license": "MIT"
    },
    "node_modules/@clean/pkg-a": {
      "link": "packages/pkg-a"
    },
    "node_modules/@clean/pkg-b": {
      "link": "packages/pkg-b"
    }
  }
}
