{
  "name": "homestay-calendar-import",
  "version": "1.0.0",
  "lockfileVersion": 3,
  "requires": true,
  "packages": {
    "": {
      "name": "homestay-calendar-import",
      "version": "1.0.0",
      "license": "MIT",
      "dependencies": {
        "chalk": "^5.3.0",
        "commander": "^12.0.0",
        "csv-parse": "^5.5.3",
        "date-fns": "^3.3.1",
        "ics-js": "^0.10.2"
      },
      "bin": {
        "homestay-import": "src/index.js"
      },
      "engines": {
        "node": ">=18.0.0"
      }
    },
    "node_modules/chalk": {
      "version": "5.6.2",
      "resolved": "https://registry.npmmirror.com/chalk/-/chalk-5.6.2.tgz",
      "integrity": "sha512-7NzBL0rN6fMUW+f7A6Io4h40qQlG+xGmtMxfbnH/K7TAtt8JQWVQK+6g0UXKMeVJoyV5EkkNsErQ8pVD3bLHbA==",
      "license": "MIT",
      "engines": {
        "node": "^12.17.0 || ^14.13 || >=16.0.0"
      },
      "funding": {
        "url": "https://github.com/chalk/chalk?sponsor=1"
      }
    },
    "node_modules/commander": {
      "version": "12.1.0",
      "resolved": "https://registry.npmmirror.com/commander/-/commander-12.1.0.tgz",
      "integrity": "sha512-Vw8qHK3bZM9y/P10u3Vib8o/DdkvA2OtPtZvD871QKjy74Wj1WSKFILMPRPSdUSx5RFK1arlJzEtA4PkFgnbuA==",
      "license": "MIT",
      "engines": {
        "node": ">=18"
      }
    },
    "node_modules/csv-parse": {
      "version": "5.6.0",
      "resolved": "https://registry.npmmirror.com/csv-parse/-/csv-parse-5.6.0.tgz",
      "integrity": "sha512-l3nz3euub2QMg5ouu5U09Ew9Wf6/wQ8I++ch1loQ0ljmzhmfZYrH9fflS22i/PQEvsPvxCwxgz5q7UB8K1JO4Q==",
      "license": "MIT"
    },
    "node_modules/date-fns": {
      "version": "3.6.0",
      "resolved": "https://registry.npmmirror.com/date-fns/-/date-fns-3.6.0.tgz",
      "integrity": "sha512-fRHTG8g/Gif+kSh50gaGEdToemgfj74aRX3swtiouboip5JDLAyDE9F11nHMIcvOaXeOC6D7SpNhi7uFyB7Uww==",
      "license": "MIT",
      "funding": {
        "type": "github",
        "url": "https://github.com/sponsors/kossnocorp"
      }
    },
    "node_modules/detect-node": {
      "version": "2.1.0",
      "resolved": "https://registry.npmmirror.com/detect-node/-/detect-node-2.1.0.tgz",
      "integrity": "sha512-T0NIuQpnTvFDATNuHN5roPwSBG83rFsuO+MXXH9/3N1eFbn4wcPjttvjMLEPWJ0RGUYgQE7cGgS3tNxbqCGM7g==",
      "license": "MIT"
    },
    "node_modules/es6-error": {
      "version": "1.0.0",
      "resolved": "https://registry.npmmirror.com/es6-error/-/es6-error-1.0.0.tgz",
      "integrity": "sha512-btHTpQ7RinLP1/FLtC9h92mBgIazgkeq5nfxMK3AH2kilEKBjuCw1vNrDfviv0zWJd6nJHrMI0jgWageEBaxcA==",
      "license": "MIT"
    },
    "node_modules/ics-js": {
      "version": "0.10.2",
      "resolved": "https://registry.npmmirror.com/ics-js/-/ics-js-0.10.2.tgz",
      "integrity": "sha512-EWSN1NVjCEhHS+9jZoKH9VRIEu+4gmldhHBmG6RD54BHEe7vYpL0uEJe0AGIHQlkR3gYbXWmc17C0/tlMDxCcw==",
      "license": "ISC",
      "dependencies": {
        "detect-node": "^2.0.3",
        "es6-error": "^1.0.0",
        "lodash.difference": "^4.3.0",
        "simple-guid": "0.0.1"
      }
    },
    "node_modules/lodash.difference": {
      "version": "4.5.0",
      "resolved": "https://registry.npmmirror.com/lodash.difference/-/lodash.difference-4.5.0.tgz",
      "integrity": "sha512-dS2j+W26TQ7taQBGN8Lbbq04ssV3emRw4NY58WErlTO29pIqS0HmoT5aJ9+TUQ1N3G+JOZSji4eugsWwGp9yPA==",
      "license": "MIT"
    },
    "node_modules/simple-guid": {
      "version": "0.0.1",
      "resolved": "https://registry.npmmirror.com/simple-guid/-/simple-guid-0.0.1.tgz",
      "integrity": "sha512-i7m76Jm6Gyuo1y91UIxNJn+99tupRgUOeQtG/+/VW/y6jysNTZlK1iYV021dDD5YeynHhr0oDXDgz95RLE2phw=="
    }
  }
}
